
Microsoft Visual Studio Solution File, Format Version 12.00
# Visual Studio 15
VisualStudioVersion = 15.0.28307.271
MinimumVisualStudioVersion = 10.0.40219.1
Project("{FAE04EC0-301F-11D3-BF4B-00C04F79EFBC}") = "UnityExample", "UnityExample\UnityExample.csproj", "{1B26113B-540C-4860-B5FB-96C83D06295A}"
EndProject
Project("{FAE04EC0-301F-11D3-BF4B-00C04F79EFBC}") = "Interfaces", "Interfaces\Interfaces.csproj", "{602F1E70-3FD3-486A-BCF3-4EB242B3A507}"
EndProject
Project("{FAE04EC0-301F-11D3-BF4B-00C04F79EFBC}") = "Services", "Services\Services.csproj", "{D01B50AB-E4BE-4BDA-8DF1-1378DB5E70BE}"
EndProject
Project("{FAE04EC0-301F-11D3-BF4B-00C04F79EFBC}") = "DAL", "DAL\DAL.csproj", "{EE82A61F-4F65-4FC3-994A-EE3B1234EEC7}"
EndProject
Project("{FAE04EC0-301F-11D3-BF4B-00C04F79EFBC}") = "Common", "Common\Common.csproj", "{C2A6D14E-9E4C-4F63-A9F5-B72BD106A57D}"
EndProject
Global
	GlobalSection(SolutionConfigurationPlatforms) = preSolution
		Debug|Any CPU = Debug|Any CPU
		Release|Any CPU = Release|Any CPU
	EndGlobalSection
	GlobalSection(ProjectConfigurationPlatforms) = postSolution
		{1B26113B-540C-4860-B5FB-96C83D06295A}.Debug|Any CPU.ActiveCfg = Debug|Any CPU
		{1B26113B-540C-4860-B5FB-96C83D06295A}.Debug|Any CPU.Build.0 = Debug|Any CPU
		{1B26113B-540C-4860-B5FB-96C83D06295A}.Release|Any CPU.ActiveCfg = Release|Any CPU
		{1B26113B-540C-4860-B5FB-96C83D06295A}.Release|Any CPU.Build.0 = Release|Any CPU
		{602F1E70-3FD3-486A-BCF3-4EB242B3A507}.Debug|Any CPU.ActiveCfg = Debug|Any CPU
		{602F1E70-3FD3-486A-BCF3-4EB242B3A507}.Debug|Any CPU.Build.0 = Debug|Any CPU
		{602F1E70-3FD3-486A-BCF3-4EB242B3A507}.Release|Any CPU.ActiveCfg = Release|Any CPU
		{602F1E70-3FD3-486A-BCF3-4EB242B3A507}.Release|Any CPU.Build.0 = Release|Any CPU
		{D01B50AB-E4BE-4BDA-8DF1-1378DB5E70BE}.Debug|Any CPU.ActiveCfg = Debug|Any CPU
		{D01B50AB-E4BE-4BDA-8DF1-1378DB5E70BE}.Debug|Any CPU.Build.0 = Debug|Any CPU
		{D01B50AB-E4BE-4BDA-8DF1-1378DB5E70BE}.Release|Any CPU.ActiveCfg = Release|Any CPU
		{D01B50AB-E4BE-4BDA-8DF1-1378DB5E70BE}.Release|Any CPU.Build.0 = Release|Any CPU
		{EE82A61F-4F65-4FC3-994A-EE3B1234EEC7}.Debug|Any CPU.ActiveCfg = Debug|Any CPU
		{EE82A61F-4F65-4FC3-994A-EE3B1234EEC7}.Debug|Any CPU.Build.0 = Debug|Any CPU
		{EE82A61F-4F65-4FC3-994A-EE3B1234EEC7}.Release|Any CPU.ActiveCfg = Release|Any CPU
		{EE82A61F-4F65-4FC3-994A-EE3B1234EEC7}.Release|Any CPU.Build.0 = Release|Any CPU
		{C2A6D14E-9E4C-4F63-A9F5-B72BD106A57D}.Debug|Any CPU.ActiveCfg = Debug|Any CPU
		{C2A6D14E-9E4C-4F63-A9F5-B72BD106A57D}.Debug|Any CPU.Build.0 = Debug|Any CPU
		{C2A6D14E-9E4C-4F63-A9F5-B72BD106A57D}.Release|Any CPU.ActiveCfg = Release|Any CPU
		{C2A6D14E-9E4C-4F63-A9F5-B72BD106A57D}.Release|Any CPU.Build.0 = Release|Any CPU
	EndGlobalSection
	GlobalSection(SolutionProperties) = preSolution
		HideSolutionNode = FALSE
	EndGlobalSection
	GlobalSection(ExtensibilityGlobals) = postSolution
		SolutionGuid = {EC33C401-8FED-493C-A947-95039E1DA4D4}
	EndGlobalSection
EndGlobal
